{
    "_readme": [
        "This file locks the dependencies of your project to a known state",
        "Read more about it at https://getcomposer.org/doc/01-basic-usage.md#installing-dependencies",
        "This file is @generated automatically"
    ],
    "content-hash": "397fba24967321b4c1c9c45b7d69b5db",
    "packages": [
        {
            "name": "ann/repo",
            "version": "dev-master",
            "source": {
                "type": "git",
                "url": "https://github.com/SiferNight/projectRepo.git",
                "reference": "6220d6d2ff9988154ab2758113dbe1986cdcec86"
            },
            "dist": {
                "type": "zip",
                "url": "https://api.github.com/repos/SiferNight/projectRepo/zipball/6220d6d2ff9988154ab2758113dbe1986cdcec86",
                "reference": "6220d6d2ff9988154ab2758113dbe1986cdcec86",
                "shasum": ""
            },
            "default-branch": true,
            "type": "project",
            "autoload": {
                "psr-4": {
                    "Ann\\Repo\\": "src/"
                }
            },
            "authors": [
                {
                    "name": "Ann",
                    "email": "annapetukhova18@gmail.com"
                }
            ],
            "support": {
                "source": "https://github.com/SiferNight/projectRepo/tree/master",
                "issues": "https://github.com/SiferNight/projectRepo/issues"
            },
            "time": "2025-04-07T19:03:48+00:00"
        }
    ],
    "packages-dev": [],
    "aliases": [],
    "minimum-stability": "stable",
    "stability-flags": {
        "ann/repo": 20
    },
    "prefer-stable": false,
    "prefer-lowest": false,
    "platform": {},
    "platform-dev": {},
    "plugin-api-version": "2.6.0"
}
